
Microsoft Visual Studio Solution File, Format Version 12.00
# Visual Studio Version 17
VisualStudioVersion = 17.9.34701.34
MinimumVisualStudioVersion = 10.0.40219.1
Project("{FAE04EC0-301F-11D3-BF4B-00C04F79EFBC}") = "QuickBiteApp", "QuickBiteApp.csproj", "{948F1841-1E7C-4DA0-A9F8-9B11597AFEDC}"
EndProject
Global
	GlobalSection(SolutionConfigurationPlatforms) = preSolution
		Debug|Any CPU = Debug|Any CPU
		Release|Any CPU = Release|Any CPU
	EndGlobalSection
	GlobalSection(ProjectConfigurationPlatforms) = postSolution
		{948F1841-1E7C-4DA0-A9F8-9B11597AFEDC}.Debug|Any CPU.ActiveCfg = Debug|Any CPU
		{948F1841-1E7C-4DA0-A9F8-9B11597AFEDC}.Debug|Any CPU.Build.0 = Debug|Any CPU
		{948F1841-1E7C-4DA0-A9F8-9B11597AFEDC}.Release|Any CPU.ActiveCfg = Release|Any CPU
		{948F1841-1E7C-4DA0-A9F8-9B11597AFEDC}.Release|Any CPU.Build.0 = Release|Any CPU
	EndGlobalSection
	GlobalSection(SolutionProperties) = preSolution
		HideSolutionNode = FALSE
	EndGlobalSection
	GlobalSection(ExtensibilityGlobals) = postSolution
		SolutionGuid = {3D24A66A-4C87-4524-ACAD-4519FD345091}
	EndGlobalSection
EndGlobal
